
Microsoft Visual Studio Solution File, Format Version 12.00
# Visual Studio Version 17
VisualStudioVersion = 17.6.33717.318
MinimumVisualStudioVersion = 10.0.40219.1
Project("{FAE04EC0-301F-11D3-BF4B-00C04F79EFBC}") = "ConnectingSqlServer", "ConnectingSqlServer\ConnectingSqlServer.csproj", "{5AF874A1-10A8-47D8-8CED-2AEAA33A2BE5}"
EndProject
Project("{FAE04EC0-301F-11D3-BF4B-00C04F79EFBC}") = "ProgramaEstudiantes", "ProgramaEstudiantes\ProgramaEstudiantes.csproj", "{D5433069-6E27-4C94-9688-50DD65548441}"
EndProject
Project("{FAE04EC0-301F-11D3-BF4B-00C04F79EFBC}") = "EstudiantesTest", "EstudiantesTest\EstudiantesTest.csproj", "{B5DA1476-0A19-4344-8534-6DE5DBEB4678}"
EndProject
Global
	GlobalSection(SolutionConfigurationPlatforms) = preSolution
		Debug|Any CPU = Debug|Any CPU
		Release|Any CPU = Release|Any CPU
	EndGlobalSection
	GlobalSection(ProjectConfigurationPlatforms) = postSolution
		{5AF874A1-10A8-47D8-8CED-2AEAA33A2BE5}.Debug|Any CPU.ActiveCfg = Debug|Any CPU
		{5AF874A1-10A8-47D8-8CED-2AEAA33A2BE5}.Debug|Any CPU.Build.0 = Debug|Any CPU
		{5AF874A1-10A8-47D8-8CED-2AEAA33A2BE5}.Release|Any CPU.ActiveCfg = Release|Any CPU
		{5AF874A1-10A8-47D8-8CED-2AEAA33A2BE5}.Release|Any CPU.Build.0 = Release|Any CPU
		{D5433069-6E27-4C94-9688-50DD65548441}.Debug|Any CPU.ActiveCfg = Debug|Any CPU
		{D5433069-6E27-4C94-9688-50DD65548441}.Debug|Any CPU.Build.0 = Debug|Any CPU
		{D5433069-6E27-4C94-9688-50DD65548441}.Release|Any CPU.ActiveCfg = Release|Any CPU
		{D5433069-6E27-4C94-9688-50DD65548441}.Release|Any CPU.Build.0 = Release|Any CPU
		{B5DA1476-0A19-4344-8534-6DE5DBEB4678}.Debug|Any CPU.ActiveCfg = Debug|Any CPU
		{B5DA1476-0A19-4344-8534-6DE5DBEB4678}.Debug|Any CPU.Build.0 = Debug|Any CPU
		{B5DA1476-0A19-4344-8534-6DE5DBEB4678}.Release|Any CPU.ActiveCfg = Release|Any CPU
		{B5DA1476-0A19-4344-8534-6DE5DBEB4678}.Release|Any CPU.Build.0 = Release|Any CPU
	EndGlobalSection
	GlobalSection(SolutionProperties) = preSolution
		HideSolutionNode = FALSE
	EndGlobalSection
	GlobalSection(ExtensibilityGlobals) = postSolution
		SolutionGuid = {85065730-86BC-48BF-A90F-82FC7FFB9858}
	EndGlobalSection
EndGlobal
